
Microsoft Visual Studio Solution File, Format Version 12.00
# Visual Studio Version 17
VisualStudioVersion = 17.6.33829.357
MinimumVisualStudioVersion = 10.0.40219.1
Project("{FAE04EC0-301F-11D3-BF4B-00C04F79EFBC}") = "6-Polymorphism", "6-Polymorphism\6-Polymorphism.csproj", "{272C594E-C9ED-4117-972E-ECB5BE5B7894}"
EndProject
Global
	GlobalSection(SolutionConfigurationPlatforms) = preSolution
		Debug|Any CPU = Debug|Any CPU
		Release|Any CPU = Release|Any CPU
	EndGlobalSection
	GlobalSection(ProjectConfigurationPlatforms) = postSolution
		{272C594E-C9ED-4117-972E-ECB5BE5B7894}.Debug|Any CPU.ActiveCfg = Debug|Any CPU
		{272C594E-C9ED-4117-972E-ECB5BE5B7894}.Debug|Any CPU.Build.0 = Debug|Any CPU
		{272C594E-C9ED-4117-972E-ECB5BE5B7894}.Release|Any CPU.ActiveCfg = Release|Any CPU
		{272C594E-C9ED-4117-972E-ECB5BE5B7894}.Release|Any CPU.Build.0 = Release|Any CPU
	EndGlobalSection
	GlobalSection(SolutionProperties) = preSolution
		HideSolutionNode = FALSE
	EndGlobalSection
	GlobalSection(ExtensibilityGlobals) = postSolution
		SolutionGuid = {D9FC1E1F-8F78-43C8-A590-726C38CAB99D}
	EndGlobalSection
EndGlobal
